# THIS IS AN AUTOGENERATED FILE. DO NOT EDIT THIS FILE DIRECTLY.
# yarn lockfile v1


"@adapt-design-system/tokens@^0.1.1":
  version "0.1.1"
  resolved "https://registry.yarnpkg.com/@adapt-design-system/tokens/-/tokens-0.1.1.tgz#96db99a09a480a292307c456b843251797a881ec"
  integrity sha512-yG0a4gi+J2AKpQXoZWQdUlEBLPmW+6+8dJqThqE4fI58muVSZYsL2yBMk7sojy1Rbg6HS9JLG/BcG5mxqxwoyw==

"@babel/runtime@^7.10.3":
  version "7.10.3"
  resolved "https://registry.yarnpkg.com/@babel/runtime/-/runtime-7.10.3.tgz#670d002655a7c366540c67f6fd3342cd09500364"
  integrity sha512-RzGO0RLSdokm9Ipe/YD+7ww8X2Ro79qiXZF3HU9ljrM+qnJmH1Vqth+hbiQZy761LnMJTMitHDuKVYTk3k4dLw==
  dependencies:
    regenerator-runtime "^0.13.4"

lodash@^4.17.15:
  version "4.17.21"
  resolved "https://registry.yarnpkg.com/lodash/-/lodash-4.17.21.tgz#679591c564c3bffaae8454cf0b3df370c3d6911c"
  integrity sha512-v2kDEe57lecTulaDIuNTPy3Ry4gLGJ6Z1O3vE1krgXZNrsQ+LFTGHVxVjcXPs17LhbZVGedAJv8XZ1tvj5FvSg==

regenerator-runtime@^0.13.4:
  version "0.13.5"
  resolved "https://registry.yarnpkg.com/regenerator-runtime/-/regenerator-runtime-0.13.5.tgz#d878a1d094b4306d10b9096484b33ebd55e26697"
  integrity sha512-ZS5w8CpKFinUzOwW3c83oPeVXoNsrLsaCoLtJvAClH135j/R77RuymhiSErhm2lKcwSCIpmvIWSbDkIfAqKQlA==
